
Microsoft Visual Studio Solution File, Format Version 12.00
# Visual Studio 2013
VisualStudioVersion = 12.0.21005.1
MinimumVisualStudioVersion = 10.0.40219.1
Project("{FAE04EC0-301F-11D3-BF4B-00C04F79EFBC}") = "BookCatalogEditingHandler", "BookCatalogEditingHandler\BookCatalogEditingHandler.csproj", "{5C19FEC8-10A6-4507-BB7F-9DD31B8839A3}"
EndProject
Project("{FAE04EC0-301F-11D3-BF4B-00C04F79EFBC}") = "BookCatalogEditor", "BookCatalogEditor\BookCatalogEditor.csproj", "{3B9F2C25-F2D7-4E3B-897A-10104D73FCB1}"
EndProject
Project("{FAE04EC0-301F-11D3-BF4B-00C04F79EFBC}") = "BookCatalogConsole", "BookCatalogConsole\BookCatalogConsole.csproj", "{D7024899-EBD0-4A9D-88CC-022CA85C0847}"
EndProject
Project("{FAE04EC0-301F-11D3-BF4B-00C04F79EFBC}") = "BookCatalogController", "BookCatalogController\BookCatalogController.csproj", "{8FB847A0-C2C3-4042-9D0E-3955F792B712}"
EndProject
Global
	GlobalSection(SolutionConfigurationPlatforms) = preSolution
		Debug|Any CPU = Debug|Any CPU
		Release|Any CPU = Release|Any CPU
	EndGlobalSection
	GlobalSection(ProjectConfigurationPlatforms) = postSolution
		{5C19FEC8-10A6-4507-BB7F-9DD31B8839A3}.Debug|Any CPU.ActiveCfg = Debug|Any CPU
		{5C19FEC8-10A6-4507-BB7F-9DD31B8839A3}.Debug|Any CPU.Build.0 = Debug|Any CPU
		{5C19FEC8-10A6-4507-BB7F-9DD31B8839A3}.Release|Any CPU.ActiveCfg = Release|Any CPU
		{5C19FEC8-10A6-4507-BB7F-9DD31B8839A3}.Release|Any CPU.Build.0 = Release|Any CPU
		{3B9F2C25-F2D7-4E3B-897A-10104D73FCB1}.Debug|Any CPU.ActiveCfg = Debug|Any CPU
		{3B9F2C25-F2D7-4E3B-897A-10104D73FCB1}.Debug|Any CPU.Build.0 = Debug|Any CPU
		{3B9F2C25-F2D7-4E3B-897A-10104D73FCB1}.Release|Any CPU.ActiveCfg = Release|Any CPU
		{3B9F2C25-F2D7-4E3B-897A-10104D73FCB1}.Release|Any CPU.Build.0 = Release|Any CPU
		{D7024899-EBD0-4A9D-88CC-022CA85C0847}.Debug|Any CPU.ActiveCfg = Debug|Any CPU
		{D7024899-EBD0-4A9D-88CC-022CA85C0847}.Debug|Any CPU.Build.0 = Debug|Any CPU
		{D7024899-EBD0-4A9D-88CC-022CA85C0847}.Release|Any CPU.ActiveCfg = Release|Any CPU
		{D7024899-EBD0-4A9D-88CC-022CA85C0847}.Release|Any CPU.Build.0 = Release|Any CPU
		{8FB847A0-C2C3-4042-9D0E-3955F792B712}.Debug|Any CPU.ActiveCfg = Debug|Any CPU
		{8FB847A0-C2C3-4042-9D0E-3955F792B712}.Debug|Any CPU.Build.0 = Debug|Any CPU
		{8FB847A0-C2C3-4042-9D0E-3955F792B712}.Release|Any CPU.ActiveCfg = Release|Any CPU
		{8FB847A0-C2C3-4042-9D0E-3955F792B712}.Release|Any CPU.Build.0 = Release|Any CPU
	EndGlobalSection
	GlobalSection(SolutionProperties) = preSolution
		HideSolutionNode = FALSE
	EndGlobalSection
EndGlobal
